
Microsoft Visual Studio Solution File, Format Version 12.00
# Visual Studio Version 16
VisualStudioVersion = 16.0.30330.147
MinimumVisualStudioVersion = 10.0.40219.1
Project("{9A19103F-16F7-4668-BE54-9A1E7A4F7556}") = "CourtBooking", "CourtBooking.csproj", "{A53D6FFF-2A7D-41D1-A451-D8BBEB07FD23}"
EndProject
Project("{FAE04EC0-301F-11D3-BF4B-00C04F79EFBC}") = "Api", "..\Api\Api.csproj", "{038F8122-231B-4BF3-A7B1-3DC4B53204BA}"
EndProject
Global
	GlobalSection(SolutionConfigurationPlatforms) = preSolution
		Debug|Any CPU = Debug|Any CPU
		Release|Any CPU = Release|Any CPU
	EndGlobalSection
	GlobalSection(ProjectConfigurationPlatforms) = postSolution
		{A53D6FFF-2A7D-41D1-A451-D8BBEB07FD23}.Debug|Any CPU.ActiveCfg = Debug|Any CPU
		{A53D6FFF-2A7D-41D1-A451-D8BBEB07FD23}.Debug|Any CPU.Build.0 = Debug|Any CPU
		{A53D6FFF-2A7D-41D1-A451-D8BBEB07FD23}.Release|Any CPU.ActiveCfg = Release|Any CPU
		{A53D6FFF-2A7D-41D1-A451-D8BBEB07FD23}.Release|Any CPU.Build.0 = Release|Any CPU
		{038F8122-231B-4BF3-A7B1-3DC4B53204BA}.Debug|Any CPU.ActiveCfg = Debug|Any CPU
		{038F8122-231B-4BF3-A7B1-3DC4B53204BA}.Debug|Any CPU.Build.0 = Debug|Any CPU
		{038F8122-231B-4BF3-A7B1-3DC4B53204BA}.Release|Any CPU.ActiveCfg = Release|Any CPU
		{038F8122-231B-4BF3-A7B1-3DC4B53204BA}.Release|Any CPU.Build.0 = Release|Any CPU
	EndGlobalSection
	GlobalSection(SolutionProperties) = preSolution
		HideSolutionNode = FALSE
	EndGlobalSection
	GlobalSection(ExtensibilityGlobals) = postSolution
		SolutionGuid = {A44DFF35-8C7A-4EFB-BCA8-29C1762A5662}
	EndGlobalSection
EndGlobal
